// !$*UTF8*$!
{
	archiveVersion = 1;
	classes = {
	};
	objectVersion = 55;
	objects = {

/* Begin PBXBuildFile section */
		996800BF283D7F3C00D583E6 /* AppDelegate.swift in Sources */ = {isa = PBXBuildFile; fileRef = 996800BE283D7F3C00D583E6 /* AppDelegate.swift */; };
		996800C3283D7F3C00D583E6 /* ViewController.swift in Sources */ = {isa = PBXBuildFile; fileRef = 996800C2283D7F3C00D583E6 /* ViewController.swift */; };
		996800C8283D7F3E00D583E6 /* Assets.xcassets in Resources */ = {isa = PBXBuildFile; fileRef = 996800C7283D7F3E00D583E6 /* Assets.xcassets */; };
		996800CB283D7F3E00D583E6 /* LaunchScreen.storyboard in Resources */ = {isa = PBXBuildFile; fileRef = 996800C9283D7F3E00D583E6 /* LaunchScreen.storyboard */; };
		9993334F283D9D60007D2ACF /* NewViewController.swift in Sources */ = {isa = PBXBuildFile; fileRef = 9993334E283D9D60007D2ACF /* NewViewController.swift */; };
		9999B828283DBA4000558B4E /* TwoViewController.swift in Sources */ = {isa = PBXBuildFile; fileRef = 9999B827283DBA4000558B4E /* TwoViewController.swift */; };
		999E907D283DAE340053A9A2 /* TabBar.swift in Sources */ = {isa = PBXBuildFile; fileRef = 999E907C283DAE340053A9A2 /* TabBar.swift */; };
/* End PBXBuildFile section */

/* Begin PBXFileReference section */
		996800BB283D7F3C00D583E6 /* 1.3_iOS_navigation_and_life_cycle_UIViewController.app */ = {isa = PBXFileReference; explicitFileType = wrapper.application; includeInIndex = 0; path = 1.3_iOS_navigation_and_life_cycle_UIViewController.app; sourceTree = BUILT_PRODUCTS_DIR; };
		996800BE283D7F3C00D583E6 /* AppDelegate.swift */ = {isa = PBXFileReference; lastKnownFileType = sourcecode.swift; path = AppDelegate.swift; sourceTree = "<group>"; };
		996800C2283D7F3C00D583E6 /* ViewController.swift */ = {isa = PBXFileReference; lastKnownFileType = sourcecode.swift; path = ViewController.swift; sourceTree = "<group>"; };
		996800C7283D7F3E00D583E6 /* Assets.xcassets */ = {isa = PBXFileReference; lastKnownFileType = folder.assetcatalog; path = Assets.xcassets; sourceTree = "<group>"; };
		996800CA283D7F3E00D583E6 /* Base */ = {isa = PBXFileReference; lastKnownFileType = file.storyboard; name = Base; path = Base.lproj/LaunchScreen.storyboard; sourceTree = "<group>"; };
		996800CC283D7F3E00D583E6 /* Info.plist */ = {isa = PBXFileReference; lastKnownFileType = text.plist.xml; path = Info.plist; sourceTree = "<group>"; };
		9993334E283D9D60007D2ACF /* NewViewController.swift */ = {isa = PBXFileReference; lastKnownFileType = sourcecode.swift; path = NewViewController.swift; sourceTree = "<group>"; };
		9999B827283DBA4000558B4E /* TwoViewController.swift */ = {isa = PBXFileReference; lastKnownFileType = sourcecode.swift; path = TwoViewController.swift; sourceTree = "<group>"; };
		999E907C283DAE340053A9A2 /* TabBar.swift */ = {isa = PBXFileReference; lastKnownFileType = sourcecode.swift; path = TabBar.swift; sourceTree = "<group>"; };
/* End PBXFileReference section */

/* Begin PBXFrameworksBuildPhase section */
		996800B8283D7F3C00D583E6 /* Frameworks */ = {
			isa = PBXFrameworksBuildPhase;
			buildActionMask = 2147483647;
			files = (
			);
			runOnlyForDeploymentPostprocessing = 0;
		};
/* End PBXFrameworksBuildPhase section */

/* Begin PBXGroup section */
		996800B2283D7F3C00D583E6 = {
			isa = PBXGroup;
			children = (
				996800BD283D7F3C00D583E6 /* 1.3_iOS_navigation_and_life_cycle_UIViewController */,
				996800BC283D7F3C00D583E6 /* Products */,
			);
			sourceTree = "<group>";
		};
		996800BC283D7F3C00D583E6 /* Products */ = {
			isa = PBXGroup;
			children = (
				996800BB283D7F3C00D583E6 /* 1.3_iOS_navigation_and_life_cycle_UIViewController.app */,
			);
			name = Products;
			sourceTree = "<group>";
		};
		996800BD283D7F3C00D583E6 /* 1.3_iOS_navigation_and_life_cycle_UIViewController */ = {
			isa = PBXGroup;
			children = (
				996800BE283D7F3C00D583E6 /* AppDelegate.swift */,
				996800C2283D7F3C00D583E6 /* ViewController.swift */,
				9999B827283DBA4000558B4E /* TwoViewController.swift */,
				9993334E283D9D60007D2ACF /* NewViewController.swift */,
				996800C7283D7F3E00D583E6 /* Assets.xcassets */,
				996800C9283D7F3E00D583E6 /* LaunchScreen.storyboard */,
				996800CC283D7F3E00D583E6 /* Info.plist */,
				999E907C283DAE340053A9A2 /* TabBar.swift */,
			);
			path = 1.3_iOS_navigation_and_life_cycle_UIViewController;
			sourceTree = "<group>";
		};
/* End PBXGroup section */

/* Begin PBXNativeTarget section */
		996800BA283D7F3C00D583E6 /* 1.3_iOS_navigation_and_life_cycle_UIViewController */ = {
			isa = PBXNativeTarget;
			buildConfigurationList = 996800CF283D7F3E00D583E6 /* Build configuration list for PBXNativeTarget "1.3_iOS_navigation_and_life_cycle_UIViewController" */;
			buildPhases = (
				996800B7283D7F3C00D583E6 /* Sources */,
				996800B8283D7F3C00D583E6 /* Frameworks */,
				996800B9283D7F3C00D583E6 /* Resources */,
			);
			buildRules = (
			);
			dependencies = (
			);
			name = 1.3_iOS_navigation_and_life_cycle_UIViewController;
			productName = 1.3_iOS_navigation_and_life_cycle_UIViewController;
			productReference = 996800BB283D7F3C00D583E6 /* 1.3_iOS_navigation_and_life_cycle_UIViewController.app */;
			productType = "com.apple.product-type.application";
		};
/* End PBXNativeTarget section */

/* Begin PBXProject section */
		996800B3283D7F3C00D583E6 /* Project object */ = {
			isa = PBXProject;
			attributes = {
				BuildIndependentTargetsInParallel = 1;
				LastSwiftUpdateCheck = 1340;
				LastUpgradeCheck = 1340;
				TargetAttributes = {
					996800BA283D7F3C00D583E6 = {
						CreatedOnToolsVersion = 13.4;
					};
				};
			};
			buildConfigurationList = 996800B6283D7F3C00D583E6 /* Build configuration list for PBXProject "1.3_iOS_navigation_and_life_cycle_UIViewController" */;
			compatibilityVersion = "Xcode 13.0";
			developmentRegion = en;
			hasScannedForEncodings = 0;
			knownRegions = (
				en,
				Base,
			);
			mainGroup = 996800B2283D7F3C00D583E6;
			productRefGroup = 996800BC283D7F3C00D583E6 /* Products */;
			projectDirPath = "";
			projectRoot = "";
			targets = (
				996800BA283D7F3C00D583E6 /* 1.3_iOS_navigation_and_life_cycle_UIViewController */,
			);
		};
/* End PBXProject section */

/* Begin PBXResourcesBuildPhase section */
		996800B9283D7F3C00D583E6 /* Resources */ = {
			isa = PBXResourcesBuildPhase;
			buildActionMask = 2147483647;
			files = (
				996800CB283D7F3E00D583E6 /* LaunchScreen.storyboard in Resources */,
				996800C8283D7F3E00D583E6 /* Assets.xcassets in Resources */,
			);
			runOnlyForDeploymentPostprocessing = 0;
		};
/* End PBXResourcesBuildPhase section */

/* Begin PBXSourcesBuildPhase section */
		996800B7283D7F3C00D583E6 /* Sources */ = {
			isa = PBXSourcesBuildPhase;
			buildActionMask = 2147483647;
			files = (
				9999B828283DBA4000558B4E /* TwoViewController.swift in Sources */,
				996800C3283D7F3C00D583E6 /* ViewController.swift in Sources */,
				996800BF283D7F3C00D583E6 /* AppDelegate.swift in Sources */,
				9993334F283D9D60007D2ACF /* NewViewController.swift in Sources */,
				999E907D283DAE340053A9A2 /* TabBar.swift in Sources */,
			);
			runOnlyForDeploymentPostprocessing = 0;
		};
/* End PBXSourcesBuildPhase section */

/* Begin PBXVariantGroup section */
		996800C9283D7F3E00D583E6 /* LaunchScreen.storyboard */ = {
			isa = PBXVariantGroup;
			children = (
				996800CA283D7F3E00D583E6 /* Base */,
			);
			name = LaunchScreen.storyboard;
			sourceTree = "<group>";
		};
/* End PBXVariantGroup section */

/* Begin XCBuildConfiguration section */
		996800CD283D7F3E00D583E6 /* Debug */ = {
			isa = XCBuildConfiguration;
			buildSettings = {
				ALWAYS_SEARCH_USER_PATHS = NO;
				CLANG_ANALYZER_NONNULL = YES;
				CLANG_ANALYZER_NUMBER_OBJECT_CONVERSION = YES_AGGRESSIVE;
				CLANG_CXX_LANGUAGE_STANDARD = "gnu++17";
				CLANG_ENABLE_MODULES = YES;
				CLANG_ENABLE_OBJC_ARC = YES;
				CLANG_ENABLE_OBJC_WEAK = YES;
				CLANG_WARN_BLOCK_CAPTURE_AUTORELEASING = YES;
				CLANG_WARN_BOOL_CONVERSION = YES;
				CLANG_WARN_COMMA = YES;
				CLANG_WARN_CONSTANT_CONVERSION = YES;
				CLANG_WARN_DEPRECATED_OBJC_IMPLEMENTATIONS = YES;
				CLANG_WARN_DIRECT_OBJC_ISA_USAGE = YES_ERROR;
				CLANG_WARN_DOCUMENTATION_COMMENTS = YES;
				CLANG_WARN_EMPTY_BODY = YES;
				CLANG_WARN_ENUM_CONVERSION = YES;
				CLANG_WARN_INFINITE_RECURSION = YES;
				CLANG_WARN_INT_CONVERSION = YES;
				CLANG_WARN_NON_LITERAL_NULL_CONVERSION = YES;
				CLANG_WARN_OBJC_IMPLICIT_RETAIN_SELF = YES;
				CLANG_WARN_OBJC_LITERAL_CONVERSION = YES;
				CLANG_WARN_OBJC_ROOT_CLASS = YES_ERROR;
				CLANG_WARN_QUOTED_INCLUDE_IN_FRAMEWORK_HEADER = YES;
				CLANG_WARN_RANGE_LOOP_ANALYSIS = YES;
				CLANG_WARN_STRICT_PROTOTYPES = YES;
				CLANG_WARN_SUSPICIOUS_MOVE = YES;
				CLANG_WARN_UNGUARDED_AVAILABILITY = YES_AGGRESSIVE;
				CLANG_WARN_UNREACHABLE_CODE = YES;
				CLANG_WARN__DUPLICATE_METHOD_MATCH = YES;
				COPY_PHASE_STRIP = NO;
				DEBUG_INFORMATION_FORMAT = dwarf;
				ENABLE_STRICT_OBJC_MSGSEND = YES;
				ENABLE_TESTABILITY = YES;
				GCC_C_LANGUAGE_STANDARD = gnu11;
				GCC_DYNAMIC_NO_PIC = NO;
				GCC_NO_COMMON_BLOCKS = YES;
				GCC_OPTIMIZATION_LEVEL = 0;
				GCC_PREPROCESSOR_DEFINITIONS = (
					"DEBUG=1",
					"$(inherited)",
				);
				GCC_WARN_64_TO_32_BIT_CONVERSION = YES;
				GCC_WARN_ABOUT_RETURN_TYPE = YES_ERROR;
				GCC_WARN_UNDECLARED_SELECTOR = YES;
				GCC_WARN_UNINITIALIZED_AUTOS = YES_AGGRESSIVE;
				GCC_WARN_UNUSED_FUNCTION = YES;
				GCC_WARN_UNUSED_VARIABLE = YES;
				IPHONEOS_DEPLOYMENT_TARGET = 15.5;
				MTL_ENABLE_DEBUG_INFO = INCLUDE_SOURCE;
				MTL_FAST_MATH = YES;
				ONLY_ACTIVE_ARCH = YES;
				SDKROOT = iphoneos;
				SWIFT_ACTIVE_COMPILATION_CONDITIONS = DEBUG;
				SWIFT_OPTIMIZATION_LEVEL = "-Onone";
			};
			name = Debug;
		};
		996800CE283D7F3E00D583E6 /* Release */ = {
			isa = XCBuildConfiguration;
			buildSettings = {
				ALWAYS_SEARCH_USER_PATHS = NO;
				CLANG_ANALYZER_NONNULL = YES;
				CLANG_ANALYZER_NUMBER_OBJECT_CONVERSION = YES_AGGRESSIVE;
				CLANG_CXX_LANGUAGE_STANDARD = "gnu++17";
				CLANG_ENABLE_MODULES = YES;
				CLANG_ENABLE_OBJC_ARC = YES;
				CLANG_ENABLE_OBJC_WEAK = YES;
				CLANG_WARN_BLOCK_CAPTURE_AUTORELEASING = YES;
				CLANG_WARN_BOOL_CONVERSION = YES;
				CLANG_WARN_COMMA = YES;
				CLANG_WARN_CONSTANT_CONVERSION = YES;
				CLANG_WARN_DEPRECATED_OBJC_IMPLEMENTATIONS = YES;
				CLANG_WARN_DIRECT_OBJC_ISA_USAGE = YES_ERROR;
				CLANG_WARN_DOCUMENTATION_COMMENTS = YES;
				CLANG_WARN_EMPTY_BODY = YES;
				CLANG_WARN_ENUM_CONVERSION = YES;
				CLANG_WARN_INFINITE_RECURSION = YES;
				CLANG_WARN_INT_CONVERSION = YES;
				CLANG_WARN_NON_LITERAL_NULL_CONVERSION = YES;
				CLANG_WARN_OBJC_IMPLICIT_RETAIN_SELF = YES;
				CLANG_WARN_OBJC_LITERAL_CONVERSION = YES;
				CLANG_WARN_OBJC_ROOT_CLASS = YES_ERROR;
				CLANG_WARN_QUOTED_INCLUDE_IN_FRAMEWORK_HEADER = YES;
				CLANG_WARN_RANGE_LOOP_ANALYSIS = YES;
				CLANG_WARN_STRICT_PROTOTYPES = YES;
				CLANG_WARN_SUSPICIOUS_MOVE = YES;
				CLANG_WARN_UNGUARDED_AVAILABILITY = YES_AGGRESSIVE;
				CLANG_WARN_UNREACHABLE_CODE = YES;
				CLANG_WARN__DUPLICATE_METHOD_MATCH = YES;
				COPY_PHASE_STRIP = NO;
				DEBUG_INFORMATION_FORMAT = "dwarf-with-dsym";
				ENABLE_NS_ASSERTIONS = NO;
				ENABLE_STRICT_OBJC_MSGSEND = YES;
				GCC_C_LANGUAGE_STANDARD = gnu11;
				GCC_NO_COMMON_BLOCKS = YES;
				GCC_WARN_64_TO_32_BIT_CONVERSION = YES;
				GCC_WARN_ABOUT_RETURN_TYPE = YES_ERROR;
				GCC_WARN_UNDECLARED_SELECTOR = YES;
				GCC_WARN_UNINITIALIZED_AUTOS = YES_AGGRESSIVE;
				GCC_WARN_UNUSED_FUNCTION = YES;
				GCC_WARN_UNUSED_VARIABLE = YES;
				IPHONEOS_DEPLOYMENT_TARGET = 15.5;
				MTL_ENABLE_DEBUG_INFO = NO;
				MTL_FAST_MATH = YES;
				SDKROOT = iphoneos;
				SWIFT_COMPILATION_MODE = wholemodule;
				SWIFT_OPTIMIZATION_LEVEL = "-O";
				VALIDATE_PRODUCT = YES;
			};
			name = Release;
		};
		996800D0283D7F3E00D583E6 /* Debug */ = {
			isa = XCBuildConfiguration;
			buildSettings = {
				ASSETCATALOG_COMPILER_APPICON_NAME = AppIcon;
				ASSETCATALOG_COMPILER_GLOBAL_ACCENT_COLOR_NAME = AccentColor;
				CODE_SIGN_STYLE = Automatic;
				CURRENT_PROJECT_VERSION = 1;
				GENERATE_INFOPLIST_FILE = YES;
				INFOPLIST_FILE = 1.3_iOS_navigation_and_life_cycle_UIViewController/Info.plist;
				INFOPLIST_KEY_UIApplicationSupportsIndirectInputEvents = YES;
				INFOPLIST_KEY_UILaunchStoryboardName = LaunchScreen;
				INFOPLIST_KEY_UISupportedInterfaceOrientations_iPad = "UIInterfaceOrientationPortrait UIInterfaceOrientationPortraitUpsideDown UIInterfaceOrientationLandscapeLeft UIInterfaceOrientationLandscapeRight";
				INFOPLIST_KEY_UISupportedInterfaceOrientations_iPhone = "UIInterfaceOrientationPortrait UIInterfaceOrientationLandscapeLeft UIInterfaceOrientationLandscapeRight";
				LD_RUNPATH_SEARCH_PATHS = (
					"$(inherited)",
					"@executable_path/Frameworks",
				);
				MARKETING_VERSION = 1.0;
				PRODUCT_BUNDLE_IDENTIFIER = "AttenbourghtLife.--3-iOS-navigation-and-life-cycle-UIViewController";
				PRODUCT_NAME = "$(TARGET_NAME)";
				SWIFT_EMIT_LOC_STRINGS = YES;
				SWIFT_VERSION = 5.0;
				TARGETED_DEVICE_FAMILY = "1,2";
			};
			name = Debug;
		};
		996800D1283D7F3E00D583E6 /* Release */ = {
			isa = XCBuildConfiguration;
			buildSettings = {
				ASSETCATALOG_COMPILER_APPICON_NAME = AppIcon;
				ASSETCATALOG_COMPILER_GLOBAL_ACCENT_COLOR_NAME = AccentColor;
				CODE_SIGN_STYLE = Automatic;
				CURRENT_PROJECT_VERSION = 1;
				GENERATE_INFOPLIST_FILE = YES;
				INFOPLIST_FILE = 1.3_iOS_navigation_and_life_cycle_UIViewController/Info.plist;
				INFOPLIST_KEY_UIApplicationSupportsIndirectInputEvents = YES;
				INFOPLIST_KEY_UILaunchStoryboardName = LaunchScreen;
				INFOPLIST_KEY_UISupportedInterfaceOrientations_iPad = "UIInterfaceOrientationPortrait UIInterfaceOrientationPortraitUpsideDown UIInterfaceOrientationLandscapeLeft UIInterfaceOrientationLandscapeRight";
				INFOPLIST_KEY_UISupportedInterfaceOrientations_iPhone = "UIInterfaceOrientationPortrait UIInterfaceOrientationLandscapeLeft UIInterfaceOrientationLandscapeRight";
				LD_RUNPATH_SEARCH_PATHS = (
					"$(inherited)",
					"@executable_path/Frameworks",
				);
				MARKETING_VERSION = 1.0;
				PRODUCT_BUNDLE_IDENTIFIER = "AttenbourghtLife.--3-iOS-navigation-and-life-cycle-UIViewController";
				PRODUCT_NAME = "$(TARGET_NAME)";
				SWIFT_EMIT_LOC_STRINGS = YES;
				SWIFT_VERSION = 5.0;
				TARGETED_DEVICE_FAMILY = "1,2";
			};
			name = Release;
		};
/* End XCBuildConfiguration section */

/* Begin XCConfigurationList section */
		996800B6283D7F3C00D583E6 /* Build configuration list for PBXProject "1.3_iOS_navigation_and_life_cycle_UIViewController" */ = {
			isa = XCConfigurationList;
			buildConfigurations = (
				996800CD283D7F3E00D583E6 /* Debug */,
				996800CE283D7F3E00D583E6 /* Release */,
			);
			defaultConfigurationIsVisible = 0;
			defaultConfigurationName = Release;
		};
		996800CF283D7F3E00D583E6 /* Build configuration list for PBXNativeTarget "1.3_iOS_navigation_and_life_cycle_UIViewController" */ = {
			isa = XCConfigurationList;
			buildConfigurations = (
				996800D0283D7F3E00D583E6 /* Debug */,
				996800D1283D7F3E00D583E6 /* Release */,
			);
			defaultConfigurationIsVisible = 0;
			defaultConfigurationName = Release;
		};
/* End XCConfigurationList section */
	};
	rootObject = 996800B3283D7F3C00D583E6 /* Project object */;
}
